
Microsoft Visual Studio Solution File, Format Version 12.00
# Visual Studio Version 16
VisualStudioVersion = 16.0.30204.135
MinimumVisualStudioVersion = 10.0.40219.1
Project("{9A19103F-16F7-4668-BE54-9A1E7A4F7556}") = "AzureLearning", "AzureLearning\AzureLearning.csproj", "{DAA4CCFC-7C4C-4772-9611-F526F5FE4CC6}"
EndProject
Project("{9A19103F-16F7-4668-BE54-9A1E7A4F7556}") = "CallingWebJob", "CallingWebJob\CallingWebJob.csproj", "{F7B56179-5F44-4D6F-B707-024F35D210D2}"
EndProject
Project("{9A19103F-16F7-4668-BE54-9A1E7A4F7556}") = "WebJobSDK", "WebJobSDK\WebJobSDK.csproj", "{B7AEC85F-9C2C-4F2B-804F-2407FD1C867E}"
EndProject
Project("{9A19103F-16F7-4668-BE54-9A1E7A4F7556}") = "Azfunctionapp", "Azfunctionapp\Azfunctionapp.csproj", "{99B32D1C-8E5E-42D8-9F16-FFE1ACC764BE}"
EndProject
Project("{9A19103F-16F7-4668-BE54-9A1E7A4F7556}") = "BlobOperations", "BlobOperations\BlobOperations.csproj", "{AE40EE79-038F-418E-AC38-63229929CE3B}"
EndProject
Project("{FAE04EC0-301F-11D3-BF4B-00C04F79EFBC}") = "CosmosDB.DotNetSDK", "CosmosDB.DotNetSDK\CosmosDB.DotNetSDK.csproj", "{7A7E54CC-4AB2-483F-BAEB-3B7BB1D57CC6}"
EndProject
Project("{FAE04EC0-301F-11D3-BF4B-00C04F79EFBC}") = "CosmosDB.SP_Triggers_UDFS", "CosmosDB.SP_Triggers_UDFS\CosmosDB.SP_Triggers_UDFS.csproj", "{9B0D8F14-D8AD-4F75-A3D0-0DE5C237B8EF}"
EndProject
Project("{9A19103F-16F7-4668-BE54-9A1E7A4F7556}") = "COSMOSDB.SDK", "COSMOSDB.SDK\COSMOSDB.SDK.csproj", "{DE3B1195-2444-476E-83DF-DFA5C63FAF1C}"
EndProject
Project("{9A19103F-16F7-4668-BE54-9A1E7A4F7556}") = "RedisImplementation", "RedisImplementation\RedisImplementation.csproj", "{E12B6814-EBA4-4E43-B973-91E227FF29F5}"
EndProject
Project("{9A19103F-16F7-4668-BE54-9A1E7A4F7556}") = "WebAppWithAuthentication", "WebAppWithAuthentication\WebAppWithAuthentication.csproj", "{DC0D63DC-C86D-48B8-A5D6-8198C3034C0E}"
EndProject
Project("{9A19103F-16F7-4668-BE54-9A1E7A4F7556}") = "CallingASecureAPI", "CallingASecureAPI\CallingASecureAPI.csproj", "{EB47E709-FCC7-4906-B96E-AB83ECDED01F}"
EndProject
Project("{FAE04EC0-301F-11D3-BF4B-00C04F79EFBC}") = "WebAppWithAppInsight", "WebAppWithAppInsight\WebAppWithAppInsight.csproj", "{10257E22-D87E-48DF-8F91-4C0DCF223336}"
EndProject
Global
	GlobalSection(SolutionConfigurationPlatforms) = preSolution
		Debug|Any CPU = Debug|Any CPU
		Release|Any CPU = Release|Any CPU
	EndGlobalSection
	GlobalSection(ProjectConfigurationPlatforms) = postSolution
		{DAA4CCFC-7C4C-4772-9611-F526F5FE4CC6}.Debug|Any CPU.ActiveCfg = Debug|Any CPU
		{DAA4CCFC-7C4C-4772-9611-F526F5FE4CC6}.Debug|Any CPU.Build.0 = Debug|Any CPU
		{DAA4CCFC-7C4C-4772-9611-F526F5FE4CC6}.Release|Any CPU.ActiveCfg = Release|Any CPU
		{DAA4CCFC-7C4C-4772-9611-F526F5FE4CC6}.Release|Any CPU.Build.0 = Release|Any CPU
		{F7B56179-5F44-4D6F-B707-024F35D210D2}.Debug|Any CPU.ActiveCfg = Debug|Any CPU
		{F7B56179-5F44-4D6F-B707-024F35D210D2}.Debug|Any CPU.Build.0 = Debug|Any CPU
		{F7B56179-5F44-4D6F-B707-024F35D210D2}.Release|Any CPU.ActiveCfg = Release|Any CPU
		{F7B56179-5F44-4D6F-B707-024F35D210D2}.Release|Any CPU.Build.0 = Release|Any CPU
		{B7AEC85F-9C2C-4F2B-804F-2407FD1C867E}.Debug|Any CPU.ActiveCfg = Debug|Any CPU
		{B7AEC85F-9C2C-4F2B-804F-2407FD1C867E}.Debug|Any CPU.Build.0 = Debug|Any CPU
		{B7AEC85F-9C2C-4F2B-804F-2407FD1C867E}.Release|Any CPU.ActiveCfg = Release|Any CPU
		{B7AEC85F-9C2C-4F2B-804F-2407FD1C867E}.Release|Any CPU.Build.0 = Release|Any CPU
		{99B32D1C-8E5E-42D8-9F16-FFE1ACC764BE}.Debug|Any CPU.ActiveCfg = Debug|Any CPU
		{99B32D1C-8E5E-42D8-9F16-FFE1ACC764BE}.Debug|Any CPU.Build.0 = Debug|Any CPU
		{99B32D1C-8E5E-42D8-9F16-FFE1ACC764BE}.Release|Any CPU.ActiveCfg = Release|Any CPU
		{99B32D1C-8E5E-42D8-9F16-FFE1ACC764BE}.Release|Any CPU.Build.0 = Release|Any CPU
		{AE40EE79-038F-418E-AC38-63229929CE3B}.Debug|Any CPU.ActiveCfg = Debug|Any CPU
		{AE40EE79-038F-418E-AC38-63229929CE3B}.Debug|Any CPU.Build.0 = Debug|Any CPU
		{AE40EE79-038F-418E-AC38-63229929CE3B}.Release|Any CPU.ActiveCfg = Release|Any CPU
		{AE40EE79-038F-418E-AC38-63229929CE3B}.Release|Any CPU.Build.0 = Release|Any CPU
		{7A7E54CC-4AB2-483F-BAEB-3B7BB1D57CC6}.Debug|Any CPU.ActiveCfg = Debug|Any CPU
		{7A7E54CC-4AB2-483F-BAEB-3B7BB1D57CC6}.Debug|Any CPU.Build.0 = Debug|Any CPU
		{7A7E54CC-4AB2-483F-BAEB-3B7BB1D57CC6}.Release|Any CPU.ActiveCfg = Release|Any CPU
		{7A7E54CC-4AB2-483F-BAEB-3B7BB1D57CC6}.Release|Any CPU.Build.0 = Release|Any CPU
		{9B0D8F14-D8AD-4F75-A3D0-0DE5C237B8EF}.Debug|Any CPU.ActiveCfg = Debug|Any CPU
		{9B0D8F14-D8AD-4F75-A3D0-0DE5C237B8EF}.Debug|Any CPU.Build.0 = Debug|Any CPU
		{9B0D8F14-D8AD-4F75-A3D0-0DE5C237B8EF}.Release|Any CPU.ActiveCfg = Release|Any CPU
		{9B0D8F14-D8AD-4F75-A3D0-0DE5C237B8EF}.Release|Any CPU.Build.0 = Release|Any CPU
		{DE3B1195-2444-476E-83DF-DFA5C63FAF1C}.Debug|Any CPU.ActiveCfg = Debug|Any CPU
		{DE3B1195-2444-476E-83DF-DFA5C63FAF1C}.Debug|Any CPU.Build.0 = Debug|Any CPU
		{DE3B1195-2444-476E-83DF-DFA5C63FAF1C}.Release|Any CPU.ActiveCfg = Release|Any CPU
		{DE3B1195-2444-476E-83DF-DFA5C63FAF1C}.Release|Any CPU.Build.0 = Release|Any CPU
		{E12B6814-EBA4-4E43-B973-91E227FF29F5}.Debug|Any CPU.ActiveCfg = Debug|Any CPU
		{E12B6814-EBA4-4E43-B973-91E227FF29F5}.Debug|Any CPU.Build.0 = Debug|Any CPU
		{E12B6814-EBA4-4E43-B973-91E227FF29F5}.Release|Any CPU.ActiveCfg = Release|Any CPU
		{E12B6814-EBA4-4E43-B973-91E227FF29F5}.Release|Any CPU.Build.0 = Release|Any CPU
		{DC0D63DC-C86D-48B8-A5D6-8198C3034C0E}.Debug|Any CPU.ActiveCfg = Debug|Any CPU
		{DC0D63DC-C86D-48B8-A5D6-8198C3034C0E}.Debug|Any CPU.Build.0 = Debug|Any CPU
		{DC0D63DC-C86D-48B8-A5D6-8198C3034C0E}.Release|Any CPU.ActiveCfg = Release|Any CPU
		{DC0D63DC-C86D-48B8-A5D6-8198C3034C0E}.Release|Any CPU.Build.0 = Release|Any CPU
		{EB47E709-FCC7-4906-B96E-AB83ECDED01F}.Debug|Any CPU.ActiveCfg = Debug|Any CPU
		{EB47E709-FCC7-4906-B96E-AB83ECDED01F}.Debug|Any CPU.Build.0 = Debug|Any CPU
		{EB47E709-FCC7-4906-B96E-AB83ECDED01F}.Release|Any CPU.ActiveCfg = Release|Any CPU
		{EB47E709-FCC7-4906-B96E-AB83ECDED01F}.Release|Any CPU.Build.0 = Release|Any CPU
		{10257E22-D87E-48DF-8F91-4C0DCF223336}.Debug|Any CPU.ActiveCfg = Debug|Any CPU
		{10257E22-D87E-48DF-8F91-4C0DCF223336}.Debug|Any CPU.Build.0 = Debug|Any CPU
		{10257E22-D87E-48DF-8F91-4C0DCF223336}.Release|Any CPU.ActiveCfg = Release|Any CPU
		{10257E22-D87E-48DF-8F91-4C0DCF223336}.Release|Any CPU.Build.0 = Release|Any CPU
	EndGlobalSection
	GlobalSection(SolutionProperties) = preSolution
		HideSolutionNode = FALSE
	EndGlobalSection
	GlobalSection(ExtensibilityGlobals) = postSolution
		SolutionGuid = {90374C11-3F77-4EAA-9B38-86B5DBBCAE78}
	EndGlobalSection
EndGlobal
